
Microsoft Visual Studio Solution File, Format Version 12.00
# Visual Studio Version 17
VisualStudioVersion = 17.11.35312.102
MinimumVisualStudioVersion = 10.0.40219.1
Project("{FAE04EC0-301F-11D3-BF4B-00C04F79EFBC}") = "cs_project", "cs_project.csproj", "{1C006280-7959-467D-BA61-96530B6CDE2B}"
EndProject
Global
	GlobalSection(SolutionConfigurationPlatforms) = preSolution
		Debug|Any CPU = Debug|Any CPU
		Release|Any CPU = Release|Any CPU
	EndGlobalSection
	GlobalSection(ProjectConfigurationPlatforms) = postSolution
		{1C006280-7959-467D-BA61-96530B6CDE2B}.Debug|Any CPU.ActiveCfg = Debug|Any CPU
		{1C006280-7959-467D-BA61-96530B6CDE2B}.Debug|Any CPU.Build.0 = Debug|Any CPU
		{1C006280-7959-467D-BA61-96530B6CDE2B}.Release|Any CPU.ActiveCfg = Release|Any CPU
		{1C006280-7959-467D-BA61-96530B6CDE2B}.Release|Any CPU.Build.0 = Release|Any CPU
	EndGlobalSection
	GlobalSection(SolutionProperties) = preSolution
		HideSolutionNode = FALSE
	EndGlobalSection
	GlobalSection(ExtensibilityGlobals) = postSolution
		SolutionGuid = {BCCFA3E4-8C58-4D29-B61A-1EC00C2255A6}
	EndGlobalSection
EndGlobal
